// !$*UTF8*$!
{
	archiveVersion = 1;
	classes = {
	};
	objectVersion = 46;
	objects = {

/* Begin PBXBuildFile section */
		0831806819921A2100F47384 /* Foundation.framework in Frameworks */ = {isa = PBXBuildFile; fileRef = 0831806719921A2100F47384 /* Foundation.framework */; };
		0831806A19921A2100F47384 /* CoreGraphics.framework in Frameworks */ = {isa = PBXBuildFile; fileRef = 0831806919921A2100F47384 /* CoreGraphics.framework */; };
		0831806C19921A2100F47384 /* UIKit.framework in Frameworks */ = {isa = PBXBuildFile; fileRef = 0831806B19921A2100F47384 /* UIKit.framework */; };
		0831807219921A2100F47384 /* InfoPlist.strings in Resources */ = {isa = PBXBuildFile; fileRef = 0831807019921A2100F47384 /* InfoPlist.strings */; };
		0831807419921A2100F47384 /* main.m in Sources */ = {isa = PBXBuildFile; fileRef = 0831807319921A2100F47384 /* main.m */; };
		0831807819921A2100F47384 /* MTAppDelegate.m in Sources */ = {isa = PBXBuildFile; fileRef = 0831807719921A2100F47384 /* MTAppDelegate.m */; };
		0831807B19921A2100F47384 /* Main.storyboard in Resources */ = {isa = PBXBuildFile; fileRef = 0831807919921A2100F47384 /* Main.storyboard */; };
		0831807E19921A2100F47384 /* MTViewController.m in Sources */ = {isa = PBXBuildFile; fileRef = 0831807D19921A2100F47384 /* MTViewController.m */; };
		0831808019921A2100F47384 /* Images.xcassets in Resources */ = {isa = PBXBuildFile; fileRef = 0831807F19921A2100F47384 /* Images.xcassets */; };
		0831808719921A2100F47384 /* XCTest.framework in Frameworks */ = {isa = PBXBuildFile; fileRef = 0831808619921A2100F47384 /* XCTest.framework */; };
		0831808819921A2100F47384 /* Foundation.framework in Frameworks */ = {isa = PBXBuildFile; fileRef = 0831806719921A2100F47384 /* Foundation.framework */; };
		0831808919921A2100F47384 /* UIKit.framework in Frameworks */ = {isa = PBXBuildFile; fileRef = 0831806B19921A2100F47384 /* UIKit.framework */; };
		0831809119921A2100F47384 /* InfoPlist.strings in Resources */ = {isa = PBXBuildFile; fileRef = 0831808F19921A2100F47384 /* InfoPlist.strings */; };
		0831809319921A2100F47384 /* MassTalkTests.m in Sources */ = {isa = PBXBuildFile; fileRef = 0831809219921A2100F47384 /* MassTalkTests.m */; };
		0831809D199220FE00F47384 /* Quickblox.framework in Frameworks */ = {isa = PBXBuildFile; fileRef = 0831809C199220FE00F47384 /* Quickblox.framework */; };
		0831809F1992213200F47384 /* CFNetwork.framework in Frameworks */ = {isa = PBXBuildFile; fileRef = 0831809E1992213200F47384 /* CFNetwork.framework */; };
		083180A11992213900F47384 /* SystemConfiguration.framework in Frameworks */ = {isa = PBXBuildFile; fileRef = 083180A01992213900F47384 /* SystemConfiguration.framework */; };
		083180A31992214000F47384 /* MobileCoreServices.framework in Frameworks */ = {isa = PBXBuildFile; fileRef = 083180A21992214000F47384 /* MobileCoreServices.framework */; };
		083180A51992214D00F47384 /* CoreLocation.framework in Frameworks */ = {isa = PBXBuildFile; fileRef = 083180A41992214D00F47384 /* CoreLocation.framework */; };
		083180A71992215200F47384 /* CoreData.framework in Frameworks */ = {isa = PBXBuildFile; fileRef = 083180A61992215200F47384 /* CoreData.framework */; };
		083180A91992215900F47384 /* AudioToolbox.framework in Frameworks */ = {isa = PBXBuildFile; fileRef = 083180A81992215900F47384 /* AudioToolbox.framework */; };
		083180AB1992215E00F47384 /* CoreMedia.framework in Frameworks */ = {isa = PBXBuildFile; fileRef = 083180AA1992215E00F47384 /* CoreMedia.framework */; };
		083180AD1992216500F47384 /* Accelerate.framework in Frameworks */ = {isa = PBXBuildFile; fileRef = 083180AC1992216500F47384 /* Accelerate.framework */; };
		083180AF1992216A00F47384 /* CoreVideo.framework in Frameworks */ = {isa = PBXBuildFile; fileRef = 083180AE1992216A00F47384 /* CoreVideo.framework */; };
		083180B11992216F00F47384 /* AVFoundation.framework in Frameworks */ = {isa = PBXBuildFile; fileRef = 083180B01992216F00F47384 /* AVFoundation.framework */; };
		083180B31992217500F47384 /* QuartzCore.framework in Frameworks */ = {isa = PBXBuildFile; fileRef = 083180B21992217500F47384 /* QuartzCore.framework */; };
		083180B51992217A00F47384 /* Security.framework in Frameworks */ = {isa = PBXBuildFile; fileRef = 083180B41992217A00F47384 /* Security.framework */; };
		083180B71992218200F47384 /* libz.dylib in Frameworks */ = {isa = PBXBuildFile; fileRef = 083180B61992218200F47384 /* libz.dylib */; };
		083180B91992218800F47384 /* libresolv.dylib in Frameworks */ = {isa = PBXBuildFile; fileRef = 083180B81992218800F47384 /* libresolv.dylib */; };
		083180BB1992218E00F47384 /* libxml2.dylib in Frameworks */ = {isa = PBXBuildFile; fileRef = 083180BA1992218E00F47384 /* libxml2.dylib */; };
		083180BF1992FDF600F47384 /* MTTalkServices.m in Sources */ = {isa = PBXBuildFile; fileRef = 083180BE1992FDF600F47384 /* MTTalkServices.m */; };
		08DEF5E91995EA8B00C26DE1 /* MTLocalStorageService.m in Sources */ = {isa = PBXBuildFile; fileRef = 08DEF5E81995EA8B00C26DE1 /* MTLocalStorageService.m */; };
		08DEF5EC1995F61C00C26DE1 /* MTLoginViewController.m in Sources */ = {isa = PBXBuildFile; fileRef = 08DEF5EB1995F61C00C26DE1 /* MTLoginViewController.m */; };
		08DEF5F41995FA5300C26DE1 /* back2.png in Resources */ = {isa = PBXBuildFile; fileRef = 08DEF5F21995FA5300C26DE1 /* back2.png */; };
		08DEF5F51995FA5300C26DE1 /* back1.jpeg in Resources */ = {isa = PBXBuildFile; fileRef = 08DEF5F31995FA5300C26DE1 /* back1.jpeg */; };
		08DEF5F91996C29A00C26DE1 /* MTTableViewCell.m in Sources */ = {isa = PBXBuildFile; fileRef = 08DEF5F81996C29A00C26DE1 /* MTTableViewCell.m */; };
/* End PBXBuildFile section */

/* Begin PBXContainerItemProxy section */
		0831808A19921A2100F47384 /* PBXContainerItemProxy */ = {
			isa = PBXContainerItemProxy;
			containerPortal = 0831805C19921A2100F47384 /* Project object */;
			proxyType = 1;
			remoteGlobalIDString = 0831806319921A2100F47384;
			remoteInfo = MassTalk;
		};
/* End PBXContainerItemProxy section */

/* Begin PBXFileReference section */
		0831806419921A2100F47384 /* MassTalk.app */ = {isa = PBXFileReference; explicitFileType = wrapper.application; includeInIndex = 0; path = MassTalk.app; sourceTree = BUILT_PRODUCTS_DIR; };
		0831806719921A2100F47384 /* Foundation.framework */ = {isa = PBXFileReference; lastKnownFileType = wrapper.framework; name = Foundation.framework; path = System/Library/Frameworks/Foundation.framework; sourceTree = SDKROOT; };
		0831806919921A2100F47384 /* CoreGraphics.framework */ = {isa = PBXFileReference; lastKnownFileType = wrapper.framework; name = CoreGraphics.framework; path = System/Library/Frameworks/CoreGraphics.framework; sourceTree = SDKROOT; };
		0831806B19921A2100F47384 /* UIKit.framework */ = {isa = PBXFileReference; lastKnownFileType = wrapper.framework; name = UIKit.framework; path = System/Library/Frameworks/UIKit.framework; sourceTree = SDKROOT; };
		0831806F19921A2100F47384 /* MassTalk-Info.plist */ = {isa = PBXFileReference; lastKnownFileType = text.plist.xml; path = "MassTalk-Info.plist"; sourceTree = "<group>"; };
		0831807119921A2100F47384 /* en */ = {isa = PBXFileReference; lastKnownFileType = text.plist.strings; name = en; path = en.lproj/InfoPlist.strings; sourceTree = "<group>"; };
		0831807319921A2100F47384 /* main.m */ = {isa = PBXFileReference; lastKnownFileType = sourcecode.c.objc; path = main.m; sourceTree = "<group>"; };
		0831807519921A2100F47384 /* MassTalk-Prefix.pch */ = {isa = PBXFileReference; lastKnownFileType = sourcecode.c.h; path = "MassTalk-Prefix.pch"; sourceTree = "<group>"; };
		0831807619921A2100F47384 /* MTAppDelegate.h */ = {isa = PBXFileReference; lastKnownFileType = sourcecode.c.h; path = MTAppDelegate.h; sourceTree = "<group>"; };
		0831807719921A2100F47384 /* MTAppDelegate.m */ = {isa = PBXFileReference; lastKnownFileType = sourcecode.c.objc; path = MTAppDelegate.m; sourceTree = "<group>"; };
		0831807A19921A2100F47384 /* Base */ = {isa = PBXFileReference; lastKnownFileType = file.storyboard; name = Base; path = Base.lproj/Main.storyboard; sourceTree = "<group>"; };
		0831807C19921A2100F47384 /* MTViewController.h */ = {isa = PBXFileReference; lastKnownFileType = sourcecode.c.h; path = MTViewController.h; sourceTree = "<group>"; };
		0831807D19921A2100F47384 /* MTViewController.m */ = {isa = PBXFileReference; lastKnownFileType = sourcecode.c.objc; path = MTViewController.m; sourceTree = "<group>"; };
		0831807F19921A2100F47384 /* Images.xcassets */ = {isa = PBXFileReference; lastKnownFileType = folder.assetcatalog; path = Images.xcassets; sourceTree = "<group>"; };
		0831808519921A2100F47384 /* MassTalkTests.xctest */ = {isa = PBXFileReference; explicitFileType = wrapper.cfbundle; includeInIndex = 0; path = MassTalkTests.xctest; sourceTree = BUILT_PRODUCTS_DIR; };
		0831808619921A2100F47384 /* XCTest.framework */ = {isa = PBXFileReference; lastKnownFileType = wrapper.framework; name = XCTest.framework; path = Library/Frameworks/XCTest.framework; sourceTree = DEVELOPER_DIR; };
		0831808E19921A2100F47384 /* MassTalkTests-Info.plist */ = {isa = PBXFileReference; lastKnownFileType = text.plist.xml; path = "MassTalkTests-Info.plist"; sourceTree = "<group>"; };
		0831809019921A2100F47384 /* en */ = {isa = PBXFileReference; lastKnownFileType = text.plist.strings; name = en; path = en.lproj/InfoPlist.strings; sourceTree = "<group>"; };
		0831809219921A2100F47384 /* MassTalkTests.m */ = {isa = PBXFileReference; lastKnownFileType = sourcecode.c.objc; path = MassTalkTests.m; sourceTree = "<group>"; };
		0831809C199220FE00F47384 /* Quickblox.framework */ = {isa = PBXFileReference; lastKnownFileType = wrapper.framework; path = Quickblox.framework; sourceTree = "<group>"; };
		0831809E1992213200F47384 /* CFNetwork.framework */ = {isa = PBXFileReference; lastKnownFileType = wrapper.framework; name = CFNetwork.framework; path = System/Library/Frameworks/CFNetwork.framework; sourceTree = SDKROOT; };
		083180A01992213900F47384 /* SystemConfiguration.framework */ = {isa = PBXFileReference; lastKnownFileType = wrapper.framework; name = SystemConfiguration.framework; path = System/Library/Frameworks/SystemConfiguration.framework; sourceTree = SDKROOT; };
		083180A21992214000F47384 /* MobileCoreServices.framework */ = {isa = PBXFileReference; lastKnownFileType = wrapper.framework; name = MobileCoreServices.framework; path = System/Library/Frameworks/MobileCoreServices.framework; sourceTree = SDKROOT; };
		083180A41992214D00F47384 /* CoreLocation.framework */ = {isa = PBXFileReference; lastKnownFileType = wrapper.framework; name = CoreLocation.framework; path = System/Library/Frameworks/CoreLocation.framework; sourceTree = SDKROOT; };
		083180A61992215200F47384 /* CoreData.framework */ = {isa = PBXFileReference; lastKnownFileType = wrapper.framework; name = CoreData.framework; path = System/Library/Frameworks/CoreData.framework; sourceTree = SDKROOT; };
		083180A81992215900F47384 /* AudioToolbox.framework */ = {isa = PBXFileReference; lastKnownFileType = wrapper.framework; name = AudioToolbox.framework; path = System/Library/Frameworks/AudioToolbox.framework; sourceTree = SDKROOT; };
		083180AA1992215E00F47384 /* CoreMedia.framework */ = {isa = PBXFileReference; lastKnownFileType = wrapper.framework; name = CoreMedia.framework; path = System/Library/Frameworks/CoreMedia.framework; sourceTree = SDKROOT; };
		083180AC1992216500F47384 /* Accelerate.framework */ = {isa = PBXFileReference; lastKnownFileType = wrapper.framework; name = Accelerate.framework; path = System/Library/Frameworks/Accelerate.framework; sourceTree = SDKROOT; };
		083180AE1992216A00F47384 /* CoreVideo.framework */ = {isa = PBXFileReference; lastKnownFileType = wrapper.framework; name = CoreVideo.framework; path = System/Library/Frameworks/CoreVideo.framework; sourceTree = SDKROOT; };
		083180B01992216F00F47384 /* AVFoundation.framework */ = {isa = PBXFileReference; lastKnownFileType = wrapper.framework; name = AVFoundation.framework; path = System/Library/Frameworks/AVFoundation.framework; sourceTree = SDKROOT; };
		083180B21992217500F47384 /* QuartzCore.framework */ = {isa = PBXFileReference; lastKnownFileType = wrapper.framework; name = QuartzCore.framework; path = System/Library/Frameworks/QuartzCore.framework; sourceTree = SDKROOT; };
		083180B41992217A00F47384 /* Security.framework */ = {isa = PBXFileReference; lastKnownFileType = wrapper.framework; name = Security.framework; path = System/Library/Frameworks/Security.framework; sourceTree = SDKROOT; };
		083180B61992218200F47384 /* libz.dylib */ = {isa = PBXFileReference; lastKnownFileType = "compiled.mach-o.dylib"; name = libz.dylib; path = usr/lib/libz.dylib; sourceTree = SDKROOT; };
		083180B81992218800F47384 /* libresolv.dylib */ = {isa = PBXFileReference; lastKnownFileType = "compiled.mach-o.dylib"; name = libresolv.dylib; path = usr/lib/libresolv.dylib; sourceTree = SDKROOT; };
		083180BA1992218E00F47384 /* libxml2.dylib */ = {isa = PBXFileReference; lastKnownFileType = "compiled.mach-o.dylib"; name = libxml2.dylib; path = usr/lib/libxml2.dylib; sourceTree = SDKROOT; };
		083180BD1992FDF600F47384 /* MTTalkServices.h */ = {isa = PBXFileReference; fileEncoding = 4; lastKnownFileType = sourcecode.c.h; path = MTTalkServices.h; sourceTree = "<group>"; };
		083180BE1992FDF600F47384 /* MTTalkServices.m */ = {isa = PBXFileReference; fileEncoding = 4; lastKnownFileType = sourcecode.c.objc; path = MTTalkServices.m; sourceTree = "<group>"; };
		08DEF5E71995EA8B00C26DE1 /* MTLocalStorageService.h */ = {isa = PBXFileReference; fileEncoding = 4; lastKnownFileType = sourcecode.c.h; path = MTLocalStorageService.h; sourceTree = "<group>"; };
		08DEF5E81995EA8B00C26DE1 /* MTLocalStorageService.m */ = {isa = PBXFileReference; fileEncoding = 4; lastKnownFileType = sourcecode.c.objc; path = MTLocalStorageService.m; sourceTree = "<group>"; };
		08DEF5EA1995F61C00C26DE1 /* MTLoginViewController.h */ = {isa = PBXFileReference; fileEncoding = 4; lastKnownFileType = sourcecode.c.h; path = MTLoginViewController.h; sourceTree = "<group>"; };
		08DEF5EB1995F61C00C26DE1 /* MTLoginViewController.m */ = {isa = PBXFileReference; fileEncoding = 4; lastKnownFileType = sourcecode.c.objc; path = MTLoginViewController.m; sourceTree = "<group>"; };
		08DEF5F21995FA5300C26DE1 /* back2.png */ = {isa = PBXFileReference; lastKnownFileType = image.png; path = back2.png; sourceTree = "<group>"; };
		08DEF5F31995FA5300C26DE1 /* back1.jpeg */ = {isa = PBXFileReference; lastKnownFileType = image.jpeg; path = back1.jpeg; sourceTree = "<group>"; };
		08DEF5F71996C29A00C26DE1 /* MTTableViewCell.h */ = {isa = PBXFileReference; fileEncoding = 4; lastKnownFileType = sourcecode.c.h; path = MTTableViewCell.h; sourceTree = "<group>"; };
		08DEF5F81996C29A00C26DE1 /* MTTableViewCell.m */ = {isa = PBXFileReference; fileEncoding = 4; lastKnownFileType = sourcecode.c.objc; path = MTTableViewCell.m; sourceTree = "<group>"; };
/* End PBXFileReference section */

/* Begin PBXFrameworksBuildPhase section */
		0831806119921A2100F47384 /* Frameworks */ = {
			isa = PBXFrameworksBuildPhase;
			buildActionMask = 2147483647;
			files = (
				083180BB1992218E00F47384 /* libxml2.dylib in Frameworks */,
				083180B91992218800F47384 /* libresolv.dylib in Frameworks */,
				083180B71992218200F47384 /* libz.dylib in Frameworks */,
				083180B51992217A00F47384 /* Security.framework in Frameworks */,
				083180B31992217500F47384 /* QuartzCore.framework in Frameworks */,
				083180B11992216F00F47384 /* AVFoundation.framework in Frameworks */,
				083180AF1992216A00F47384 /* CoreVideo.framework in Frameworks */,
				083180AD1992216500F47384 /* Accelerate.framework in Frameworks */,
				083180AB1992215E00F47384 /* CoreMedia.framework in Frameworks */,
				083180A91992215900F47384 /* AudioToolbox.framework in Frameworks */,
				083180A71992215200F47384 /* CoreData.framework in Frameworks */,
				083180A51992214D00F47384 /* CoreLocation.framework in Frameworks */,
				0831806A19921A2100F47384 /* CoreGraphics.framework in Frameworks */,
				083180A31992214000F47384 /* MobileCoreServices.framework in Frameworks */,
				083180A11992213900F47384 /* SystemConfiguration.framework in Frameworks */,
				0831809F1992213200F47384 /* CFNetwork.framework in Frameworks */,
				0831809D199220FE00F47384 /* Quickblox.framework in Frameworks */,
				0831806C19921A2100F47384 /* UIKit.framework in Frameworks */,
				0831806819921A2100F47384 /* Foundation.framework in Frameworks */,
			);
			runOnlyForDeploymentPostprocessing = 0;
		};
		0831808219921A2100F47384 /* Frameworks */ = {
			isa = PBXFrameworksBuildPhase;
			buildActionMask = 2147483647;
			files = (
				0831808719921A2100F47384 /* XCTest.framework in Frameworks */,
				0831808919921A2100F47384 /* UIKit.framework in Frameworks */,
				0831808819921A2100F47384 /* Foundation.framework in Frameworks */,
			);
			runOnlyForDeploymentPostprocessing = 0;
		};
/* End PBXFrameworksBuildPhase section */

/* Begin PBXGroup section */
		0831805B19921A2100F47384 = {
			isa = PBXGroup;
			children = (
				0831806D19921A2100F47384 /* MassTalk */,
				0831808C19921A2100F47384 /* MassTalkTests */,
				0831806619921A2100F47384 /* Frameworks */,
				0831806519921A2100F47384 /* Products */,
			);
			sourceTree = "<group>";
		};
		0831806519921A2100F47384 /* Products */ = {
			isa = PBXGroup;
			children = (
				0831806419921A2100F47384 /* MassTalk.app */,
				0831808519921A2100F47384 /* MassTalkTests.xctest */,
			);
			name = Products;
			sourceTree = "<group>";
		};
		0831806619921A2100F47384 /* Frameworks */ = {
			isa = PBXGroup;
			children = (
				083180BA1992218E00F47384 /* libxml2.dylib */,
				083180B81992218800F47384 /* libresolv.dylib */,
				083180B61992218200F47384 /* libz.dylib */,
				083180B41992217A00F47384 /* Security.framework */,
				083180B21992217500F47384 /* QuartzCore.framework */,
				083180B01992216F00F47384 /* AVFoundation.framework */,
				083180AE1992216A00F47384 /* CoreVideo.framework */,
				083180AC1992216500F47384 /* Accelerate.framework */,
				083180AA1992215E00F47384 /* CoreMedia.framework */,
				083180A81992215900F47384 /* AudioToolbox.framework */,
				083180A61992215200F47384 /* CoreData.framework */,
				083180A41992214D00F47384 /* CoreLocation.framework */,
				083180A21992214000F47384 /* MobileCoreServices.framework */,
				083180A01992213900F47384 /* SystemConfiguration.framework */,
				0831809E1992213200F47384 /* CFNetwork.framework */,
				0831809C199220FE00F47384 /* Quickblox.framework */,
				0831806719921A2100F47384 /* Foundation.framework */,
				0831806919921A2100F47384 /* CoreGraphics.framework */,
				0831806B19921A2100F47384 /* UIKit.framework */,
				0831808619921A2100F47384 /* XCTest.framework */,
			);
			name = Frameworks;
			sourceTree = "<group>";
		};
		0831806D19921A2100F47384 /* MassTalk */ = {
			isa = PBXGroup;
			children = (
				0831807619921A2100F47384 /* MTAppDelegate.h */,
				0831807719921A2100F47384 /* MTAppDelegate.m */,
				08DEF5EF1995F83E00C26DE1 /* Images */,
				08DEF5F61996C23400C26DE1 /* Views */,
				08DEF5E61995CF0A00C26DE1 /* ViewController */,
				083180BC1992FDB300F47384 /* Services */,
				0831807919921A2100F47384 /* Main.storyboard */,
				0831807F19921A2100F47384 /* Images.xcassets */,
				0831806E19921A2100F47384 /* Supporting Files */,
			);
			path = MassTalk;
			sourceTree = "<group>";
		};
		0831806E19921A2100F47384 /* Supporting Files */ = {
			isa = PBXGroup;
			children = (
				0831806F19921A2100F47384 /* MassTalk-Info.plist */,
				0831807019921A2100F47384 /* InfoPlist.strings */,
				0831807319921A2100F47384 /* main.m */,
				0831807519921A2100F47384 /* MassTalk-Prefix.pch */,
			);
			name = "Supporting Files";
			sourceTree = "<group>";
		};
		0831808C19921A2100F47384 /* MassTalkTests */ = {
			isa = PBXGroup;
			children = (
				0831809219921A2100F47384 /* MassTalkTests.m */,
				0831808D19921A2100F47384 /* Supporting Files */,
			);
			path = MassTalkTests;
			sourceTree = "<group>";
		};
		0831808D19921A2100F47384 /* Supporting Files */ = {
			isa = PBXGroup;
			children = (
				0831808E19921A2100F47384 /* MassTalkTests-Info.plist */,
				0831808F19921A2100F47384 /* InfoPlist.strings */,
			);
			name = "Supporting Files";
			sourceTree = "<group>";
		};
		083180BC1992FDB300F47384 /* Services */ = {
			isa = PBXGroup;
			children = (
				083180BD1992FDF600F47384 /* MTTalkServices.h */,
				083180BE1992FDF600F47384 /* MTTalkServices.m */,
				08DEF5E71995EA8B00C26DE1 /* MTLocalStorageService.h */,
				08DEF5E81995EA8B00C26DE1 /* MTLocalStorageService.m */,
			);
			name = Services;
			sourceTree = "<group>";
		};
		08DEF5E61995CF0A00C26DE1 /* ViewController */ = {
			isa = PBXGroup;
			children = (
				0831807C19921A2100F47384 /* MTViewController.h */,
				0831807D19921A2100F47384 /* MTViewController.m */,
				08DEF5EA1995F61C00C26DE1 /* MTLoginViewController.h */,
				08DEF5EB1995F61C00C26DE1 /* MTLoginViewController.m */,
			);
			name = ViewController;
			sourceTree = "<group>";
		};
		08DEF5EF1995F83E00C26DE1 /* Images */ = {
			isa = PBXGroup;
			children = (
				08DEF5F21995FA5300C26DE1 /* back2.png */,
				08DEF5F31995FA5300C26DE1 /* back1.jpeg */,
			);
			name = Images;
			sourceTree = "<group>";
		};
		08DEF5F61996C23400C26DE1 /* Views */ = {
			isa = PBXGroup;
			children = (
				08DEF5F71996C29A00C26DE1 /* MTTableViewCell.h */,
				08DEF5F81996C29A00C26DE1 /* MTTableViewCell.m */,
			);
			name = Views;
			sourceTree = "<group>";
		};
/* End PBXGroup section */

/* Begin PBXNativeTarget section */
		0831806319921A2100F47384 /* MassTalk */ = {
			isa = PBXNativeTarget;
			buildConfigurationList = 0831809619921A2100F47384 /* Build configuration list for PBXNativeTarget "MassTalk" */;
			buildPhases = (
				0831806019921A2100F47384 /* Sources */,
				0831806119921A2100F47384 /* Frameworks */,
				0831806219921A2100F47384 /* Resources */,
			);
			buildRules = (
			);
			dependencies = (
			);
			name = MassTalk;
			productName = MassTalk;
			productReference = 0831806419921A2100F47384 /* MassTalk.app */;
			productType = "com.apple.product-type.application";
		};
		0831808419921A2100F47384 /* MassTalkTests */ = {
			isa = PBXNativeTarget;
			buildConfigurationList = 0831809919921A2100F47384 /* Build configuration list for PBXNativeTarget "MassTalkTests" */;
			buildPhases = (
				0831808119921A2100F47384 /* Sources */,
				0831808219921A2100F47384 /* Frameworks */,
				0831808319921A2100F47384 /* Resources */,
			);
			buildRules = (
			);
			dependencies = (
				0831808B19921A2100F47384 /* PBXTargetDependency */,
			);
			name = MassTalkTests;
			productName = MassTalkTests;
			productReference = 0831808519921A2100F47384 /* MassTalkTests.xctest */;
			productType = "com.apple.product-type.bundle.unit-test";
		};
/* End PBXNativeTarget section */

/* Begin PBXProject section */
		0831805C19921A2100F47384 /* Project object */ = {
			isa = PBXProject;
			attributes = {
				CLASSPREFIX = MT;
				LastUpgradeCheck = 0510;
				ORGANIZATIONNAME = sunny;
				TargetAttributes = {
					0831806319921A2100F47384 = {
						DevelopmentTeam = U44796ZVJ3;
					};
					0831808419921A2100F47384 = {
						TestTargetID = 0831806319921A2100F47384;
					};
				};
			};
			buildConfigurationList = 0831805F19921A2100F47384 /* Build configuration list for PBXProject "MassTalk" */;
			compatibilityVersion = "Xcode 3.2";
			developmentRegion = English;
			hasScannedForEncodings = 0;
			knownRegions = (
				en,
				Base,
			);
			mainGroup = 0831805B19921A2100F47384;
			productRefGroup = 0831806519921A2100F47384 /* Products */;
			projectDirPath = "";
			projectRoot = "";
			targets = (
				0831806319921A2100F47384 /* MassTalk */,
				0831808419921A2100F47384 /* MassTalkTests */,
			);
		};
/* End PBXProject section */

/* Begin PBXResourcesBuildPhase section */
		0831806219921A2100F47384 /* Resources */ = {
			isa = PBXResourcesBuildPhase;
			buildActionMask = 2147483647;
			files = (
				0831808019921A2100F47384 /* Images.xcassets in Resources */,
				0831807219921A2100F47384 /* InfoPlist.strings in Resources */,
				0831807B19921A2100F47384 /* Main.storyboard in Resources */,
				08DEF5F41995FA5300C26DE1 /* back2.png in Resources */,
				08DEF5F51995FA5300C26DE1 /* back1.jpeg in Resources */,
			);
			runOnlyForDeploymentPostprocessing = 0;
		};
		0831808319921A2100F47384 /* Resources */ = {
			isa = PBXResourcesBuildPhase;
			buildActionMask = 2147483647;
			files = (
				0831809119921A2100F47384 /* InfoPlist.strings in Resources */,
			);
			runOnlyForDeploymentPostprocessing = 0;
		};
/* End PBXResourcesBuildPhase section */

/* Begin PBXSourcesBuildPhase section */
		0831806019921A2100F47384 /* Sources */ = {
			isa = PBXSourcesBuildPhase;
			buildActionMask = 2147483647;
			files = (
				08DEF5F91996C29A00C26DE1 /* MTTableViewCell.m in Sources */,
				083180BF1992FDF600F47384 /* MTTalkServices.m in Sources */,
				0831807419921A2100F47384 /* main.m in Sources */,
				0831807E19921A2100F47384 /* MTViewController.m in Sources */,
				08DEF5E91995EA8B00C26DE1 /* MTLocalStorageService.m in Sources */,
				0831807819921A2100F47384 /* MTAppDelegate.m in Sources */,
				08DEF5EC1995F61C00C26DE1 /* MTLoginViewController.m in Sources */,
			);
			runOnlyForDeploymentPostprocessing = 0;
		};
		0831808119921A2100F47384 /* Sources */ = {
			isa = PBXSourcesBuildPhase;
			buildActionMask = 2147483647;
			files = (
				0831809319921A2100F47384 /* MassTalkTests.m in Sources */,
			);
			runOnlyForDeploymentPostprocessing = 0;
		};
/* End PBXSourcesBuildPhase section */

/* Begin PBXTargetDependency section */
		0831808B19921A2100F47384 /* PBXTargetDependency */ = {
			isa = PBXTargetDependency;
			target = 0831806319921A2100F47384 /* MassTalk */;
			targetProxy = 0831808A19921A2100F47384 /* PBXContainerItemProxy */;
		};
/* End PBXTargetDependency section */

/* Begin PBXVariantGroup section */
		0831807019921A2100F47384 /* InfoPlist.strings */ = {
			isa = PBXVariantGroup;
			children = (
				0831807119921A2100F47384 /* en */,
			);
			name = InfoPlist.strings;
			sourceTree = "<group>";
		};
		0831807919921A2100F47384 /* Main.storyboard */ = {
			isa = PBXVariantGroup;
			children = (
				0831807A19921A2100F47384 /* Base */,
			);
			name = Main.storyboard;
			sourceTree = "<group>";
		};
		0831808F19921A2100F47384 /* InfoPlist.strings */ = {
			isa = PBXVariantGroup;
			children = (
				0831809019921A2100F47384 /* en */,
			);
			name = InfoPlist.strings;
			sourceTree = "<group>";
		};
/* End PBXVariantGroup section */

/* Begin XCBuildConfiguration section */
		0831809419921A2100F47384 /* Debug */ = {
			isa = XCBuildConfiguration;
			buildSettings = {
				ALWAYS_SEARCH_USER_PATHS = NO;
				CLANG_CXX_LANGUAGE_STANDARD = "gnu++0x";
				CLANG_CXX_LIBRARY = "libc++";
				CLANG_ENABLE_MODULES = YES;
				CLANG_ENABLE_OBJC_ARC = YES;
				CLANG_WARN_BOOL_CONVERSION = YES;
				CLANG_WARN_CONSTANT_CONVERSION = YES;
				CLANG_WARN_DIRECT_OBJC_ISA_USAGE = YES_ERROR;
				CLANG_WARN_EMPTY_BODY = YES;
				CLANG_WARN_ENUM_CONVERSION = YES;
				CLANG_WARN_INT_CONVERSION = YES;
				CLANG_WARN_OBJC_ROOT_CLASS = YES_ERROR;
				CLANG_WARN__DUPLICATE_METHOD_MATCH = YES;
				"CODE_SIGN_IDENTITY[sdk=iphoneos*]" = "iPhone Developer";
				COPY_PHASE_STRIP = NO;
				GCC_C_LANGUAGE_STANDARD = gnu99;
				GCC_DYNAMIC_NO_PIC = NO;
				GCC_OPTIMIZATION_LEVEL = 0;
				GCC_PREPROCESSOR_DEFINITIONS = (
					"DEBUG=1",
					"$(inherited)",
				);
				GCC_SYMBOLS_PRIVATE_EXTERN = NO;
				GCC_WARN_64_TO_32_BIT_CONVERSION = YES;
				GCC_WARN_ABOUT_RETURN_TYPE = YES_ERROR;
				GCC_WARN_UNDECLARED_SELECTOR = YES;
				GCC_WARN_UNINITIALIZED_AUTOS = YES_AGGRESSIVE;
				GCC_WARN_UNUSED_FUNCTION = YES;
				GCC_WARN_UNUSED_VARIABLE = YES;
				IPHONEOS_DEPLOYMENT_TARGET = 7.1;
				ONLY_ACTIVE_ARCH = YES;
				SDKROOT = iphoneos;
			};
			name = Debug;
		};
		0831809519921A2100F47384 /* Release */ = {
			isa = XCBuildConfiguration;
			buildSettings = {
				ALWAYS_SEARCH_USER_PATHS = NO;
				CLANG_CXX_LANGUAGE_STANDARD = "gnu++0x";
				CLANG_CXX_LIBRARY = "libc++";
				CLANG_ENABLE_MODULES = YES;
				CLANG_ENABLE_OBJC_ARC = YES;
				CLANG_WARN_BOOL_CONVERSION = YES;
				CLANG_WARN_CONSTANT_CONVERSION = YES;
				CLANG_WARN_DIRECT_OBJC_ISA_USAGE = YES_ERROR;
				CLANG_WARN_EMPTY_BODY = YES;
				CLANG_WARN_ENUM_CONVERSION = YES;
				CLANG_WARN_INT_CONVERSION = YES;
				CLANG_WARN_OBJC_ROOT_CLASS = YES_ERROR;
				CLANG_WARN__DUPLICATE_METHOD_MATCH = YES;
				"CODE_SIGN_IDENTITY[sdk=iphoneos*]" = "iPhone Developer";
				COPY_PHASE_STRIP = YES;
				ENABLE_NS_ASSERTIONS = NO;
				GCC_C_LANGUAGE_STANDARD = gnu99;
				GCC_WARN_64_TO_32_BIT_CONVERSION = YES;
				GCC_WARN_ABOUT_RETURN_TYPE = YES_ERROR;
				GCC_WARN_UNDECLARED_SELECTOR = YES;
				GCC_WARN_UNINITIALIZED_AUTOS = YES_AGGRESSIVE;
				GCC_WARN_UNUSED_FUNCTION = YES;
				GCC_WARN_UNUSED_VARIABLE = YES;
				IPHONEOS_DEPLOYMENT_TARGET = 7.1;
				SDKROOT = iphoneos;
				VALIDATE_PRODUCT = YES;
			};
			name = Release;
		};
		0831809719921A2100F47384 /* Debug */ = {
			isa = XCBuildConfiguration;
			buildSettings = {
				ASSETCATALOG_COMPILER_APPICON_NAME = AppIcon;
				ASSETCATALOG_COMPILER_LAUNCHIMAGE_NAME = LaunchImage;
				CODE_SIGN_IDENTITY = "iPhone Developer";
				"CODE_SIGN_IDENTITY[sdk=iphoneos*]" = "iPhone Developer";
				FRAMEWORK_SEARCH_PATHS = (
					"$(inherited)",
					"$(PROJECT_DIR)",
				);
				GCC_PRECOMPILE_PREFIX_HEADER = YES;
				GCC_PREFIX_HEADER = "MassTalk/MassTalk-Prefix.pch";
				INFOPLIST_FILE = "MassTalk/MassTalk-Info.plist";
				OTHER_LDFLAGS = (
					"-lxml2",
					"-ObjC",
					"-lstdc++",
				);
				PRODUCT_NAME = "$(TARGET_NAME)";
				PROVISIONING_PROFILE = "";
				WRAPPER_EXTENSION = app;
			};
			name = Debug;
		};
		0831809819921A2100F47384 /* Release */ = {
			isa = XCBuildConfiguration;
			buildSettings = {
				ASSETCATALOG_COMPILER_APPICON_NAME = AppIcon;
				ASSETCATALOG_COMPILER_LAUNCHIMAGE_NAME = LaunchImage;
				CODE_SIGN_IDENTITY = "iPhone Developer";
				"CODE_SIGN_IDENTITY[sdk=iphoneos*]" = "iPhone Developer";
				FRAMEWORK_SEARCH_PATHS = (
					"$(inherited)",
					"$(PROJECT_DIR)",
				);
				GCC_PRECOMPILE_PREFIX_HEADER = YES;
				GCC_PREFIX_HEADER = "MassTalk/MassTalk-Prefix.pch";
				INFOPLIST_FILE = "MassTalk/MassTalk-Info.plist";
				OTHER_LDFLAGS = (
					"-lxml2",
					"-ObjC",
					"-lstdc++",
				);
				PRODUCT_NAME = "$(TARGET_NAME)";
				PROVISIONING_PROFILE = "";
				WRAPPER_EXTENSION = app;
			};
			name = Release;
		};
		0831809A19921A2100F47384 /* Debug */ = {
			isa = XCBuildConfiguration;
			buildSettings = {
				BUNDLE_LOADER = "$(BUILT_PRODUCTS_DIR)/MassTalk.app/MassTalk";
				FRAMEWORK_SEARCH_PATHS = (
					"$(SDKROOT)/Developer/Library/Frameworks",
					"$(inherited)",
					"$(DEVELOPER_FRAMEWORKS_DIR)",
				);
				GCC_PRECOMPILE_PREFIX_HEADER = YES;
				GCC_PREFIX_HEADER = "MassTalk/MassTalk-Prefix.pch";
				GCC_PREPROCESSOR_DEFINITIONS = (
					"DEBUG=1",
					"$(inherited)",
				);
				INFOPLIST_FILE = "MassTalkTests/MassTalkTests-Info.plist";
				PRODUCT_NAME = "$(TARGET_NAME)";
				TEST_HOST = "$(BUNDLE_LOADER)";
				WRAPPER_EXTENSION = xctest;
			};
			name = Debug;
		};
		0831809B19921A2100F47384 /* Release */ = {
			isa = XCBuildConfiguration;
			buildSettings = {
				BUNDLE_LOADER = "$(BUILT_PRODUCTS_DIR)/MassTalk.app/MassTalk";
				FRAMEWORK_SEARCH_PATHS = (
					"$(SDKROOT)/Developer/Library/Frameworks",
					"$(inherited)",
					"$(DEVELOPER_FRAMEWORKS_DIR)",
				);
				GCC_PRECOMPILE_PREFIX_HEADER = YES;
				GCC_PREFIX_HEADER = "MassTalk/MassTalk-Prefix.pch";
				INFOPLIST_FILE = "MassTalkTests/MassTalkTests-Info.plist";
				PRODUCT_NAME = "$(TARGET_NAME)";
				TEST_HOST = "$(BUNDLE_LOADER)";
				WRAPPER_EXTENSION = xctest;
			};
			name = Release;
		};
/* End XCBuildConfiguration section */

/* Begin XCConfigurationList section */
		0831805F19921A2100F47384 /* Build configuration list for PBXProject "MassTalk" */ = {
			isa = XCConfigurationList;
			buildConfigurations = (
				0831809419921A2100F47384 /* Debug */,
				0831809519921A2100F47384 /* Release */,
			);
			defaultConfigurationIsVisible = 0;
			defaultConfigurationName = Release;
		};
		0831809619921A2100F47384 /* Build configuration list for PBXNativeTarget "MassTalk" */ = {
			isa = XCConfigurationList;
			buildConfigurations = (
				0831809719921A2100F47384 /* Debug */,
				0831809819921A2100F47384 /* Release */,
			);
			defaultConfigurationIsVisible = 0;
			defaultConfigurationName = Release;
		};
		0831809919921A2100F47384 /* Build configuration list for PBXNativeTarget "MassTalkTests" */ = {
			isa = XCConfigurationList;
			buildConfigurations = (
				0831809A19921A2100F47384 /* Debug */,
				0831809B19921A2100F47384 /* Release */,
			);
			defaultConfigurationIsVisible = 0;
			defaultConfigurationName = Release;
		};
/* End XCConfigurationList section */
	};
	rootObject = 0831805C19921A2100F47384 /* Project object */;
}
